
Microsoft Visual Studio Solution File, Format Version 12.00
# Visual Studio 2013
VisualStudioVersion = 12.0.21005.1
MinimumVisualStudioVersion = 10.0.40219.1
Project("{8BC9CEB8-8B4A-11D0-8D11-00A0C91BC942}") = "srs-librtmp", "srs-librtmp.vcxproj", "{D371AFB9-7CDB-4957-B841-21EDEB81B79C}"
EndProject
Project("{8BC9CEB8-8B4A-11D0-8D11-00A0C91BC942}") = "srs-play", "..\srs-play\srs-play.vcxproj", "{05EDFF46-D500-44CD-90DF-EE791D92B3E4}"
	ProjectSection(ProjectDependencies) = postProject
		{D371AFB9-7CDB-4957-B841-21EDEB81B79C} = {D371AFB9-7CDB-4957-B841-21EDEB81B79C}
	EndProjectSection
EndProject
Global
	GlobalSection(SolutionConfigurationPlatforms) = preSolution
		Debug|Win32 = Debug|Win32
		Release|Win32 = Release|Win32
	EndGlobalSection
	GlobalSection(ProjectConfigurationPlatforms) = postSolution
		{D371AFB9-7CDB-4957-B841-21EDEB81B79C}.Debug|Win32.ActiveCfg = Debug|Win32
		{D371AFB9-7CDB-4957-B841-21EDEB81B79C}.Debug|Win32.Build.0 = Debug|Win32
		{D371AFB9-7CDB-4957-B841-21EDEB81B79C}.Release|Win32.ActiveCfg = Release|Win32
		{D371AFB9-7CDB-4957-B841-21EDEB81B79C}.Release|Win32.Build.0 = Release|Win32
		{05EDFF46-D500-44CD-90DF-EE791D92B3E4}.Debug|Win32.ActiveCfg = Debug|Win32
		{05EDFF46-D500-44CD-90DF-EE791D92B3E4}.Debug|Win32.Build.0 = Debug|Win32
		{05EDFF46-D500-44CD-90DF-EE791D92B3E4}.Release|Win32.ActiveCfg = Release|Win32
		{05EDFF46-D500-44CD-90DF-EE791D92B3E4}.Release|Win32.Build.0 = Release|Win32
	EndGlobalSection
	GlobalSection(SolutionProperties) = preSolution
		HideSolutionNode = FALSE
	EndGlobalSection
EndGlobal
